PODS:
  - Amplitude (8.2.0)
  - amplitude-react-native (2.0.17):
    - Amplitude (= 8.2.0)
    - React-Core
  - Base64 (1.1.2)
  - boost (1.76.0)
  - boost-for-react-native (1.63.0)
  - Braintree/Card (4.38.0):
    - Braintree/Core
  - Braintree/Core (4.38.0)
  - Braintree/PaymentFlow (4.38.0):
    - Braintree/Card
    - Braintree/Core
    - Braintree/PayPalOneTouch
  - Braintree/PayPal (4.38.0):
    - Braintree/Core
    - Braintree/PayPalOneTouch
  - Braintree/PayPalDataCollector (4.38.0):
    - Braintree/Core
    - Braintree/PayPalUtils
  - Braintree/PayPalOneTouch (4.38.0):
    - Braintree/Core
    - Braintree/PayPalDataCollector
    - Braintree/PayPalUtils
  - Braintree/PayPalUtils (4.38.0)
  - Braintree/UnionPay (4.38.0):
    - Braintree/Card
    - Braintree/Core
  - BraintreeDropIn (7.5.0):
    - BraintreeDropIn/DropIn (= 7.5.0)
  - BraintreeDropIn/DropIn (7.5.0):
    - Braintree/Card (~> 4.30)
    - Braintree/Core (~> 4.30)
    - Braintree/PaymentFlow (~> 4.30)
    - Braintree/PayPal (~> 4.30)
    - Braintree/UnionPay (~> 4.30)
    - BraintreeDropIn/UIKit
  - BraintreeDropIn/UIKit (7.5.0)
  - BugsnagReactNative (7.16.1):
    - React-Core
  - CocoaAsyncSocket (7.6.5)
  - CodePush (6.4.0):
    - Base64 (~> 1.1)
    - JWT (~> 3.0.0-beta.12)
    - React-Core
    - SSZipArchive (~> 2.2.2)
  - DoubleConversion (1.1.6)
  - FBLazyVector (0.66.4)
  - FBReactNativeSpec (0.66.4):
    - RCT-Folly (= 2021.06.28.00-v2)
    - RCTRequired (= 0.66.4)
    - RCTTypeSafety (= 0.66.4)
    - React-Core (= 0.66.4)
    - React-jsi (= 0.66.4)
    - ReactCommon/turbomodule/core (= 0.66.4)
  - Firebase/CoreOnly (6.34.0):
    - FirebaseCore (= 6.10.4)
  - Firebase/Messaging (6.34.0):
    - Firebase/CoreOnly
    - FirebaseMessaging (~> 4.7.1)
  - FirebaseCore (6.10.4):
    - FirebaseCoreDiagnostics (~> 1.6)
    - GoogleUtilities/Environment (~> 6.7)
    - GoogleUtilities/Logger (~> 6.7)
  - FirebaseCoreDiagnostics (1.7.0):
    - GoogleDataTransport (~> 7.4)
    - GoogleUtilities/Environment (~> 6.7)
    - GoogleUtilities/Logger (~> 6.7)
    - nanopb (~> 1.30906.0)
  - FirebaseInstallations (1.7.0):
    - FirebaseCore (~> 6.10)
    - GoogleUtilities/Environment (~> 6.7)
    - GoogleUtilities/UserDefaults (~> 6.7)
    - PromisesObjC (~> 1.2)
  - FirebaseInstanceID (4.8.0):
    - FirebaseCore (~> 6.10)
    - FirebaseInstallations (~> 1.6)
    - GoogleUtilities/Environment (~> 6.7)
    - GoogleUtilities/UserDefaults (~> 6.7)
  - FirebaseMessaging (4.7.1):
    - FirebaseCore (~> 6.10)
    - FirebaseInstanceID (~> 4.7)
    - GoogleUtilities/AppDelegateSwizzler (~> 6.7)
    - GoogleUtilities/Environment (~> 6.7)
    - GoogleUtilities/Reachability (~> 6.7)
    - GoogleUtilities/UserDefaults (~> 6.7)
    - Protobuf (>= 3.9.2, ~> 3.9)
  - Flipper (0.75.1):
    - Flipper-Folly (~> 2.5)
    - Flipper-RSocket (~> 1.3)
  - Flipper-Boost-iOSX (1.76.0.1.11)
  - Flipper-DoubleConversion (1.1.7)
  - Flipper-Fmt (7.1.7)
  - Flipper-Folly (2.5.3):
    - boost-for-react-native
    - Flipper-DoubleConversion
    - Flipper-Glog
    - libevent (~> 2.1.12)
    - OpenSSL-Universal (= 1.1.180)
  - Flipper-Glog (0.3.6)
  - Flipper-PeerTalk (0.0.4)
  - Flipper-RSocket (1.3.1):
    - Flipper-Folly (~> 2.5)
  - FlipperKit (0.75.1):
    - FlipperKit/Core (= 0.75.1)
  - FlipperKit/Core (0.75.1):
    - Flipper (~> 0.75.1)
    - FlipperKit/CppBridge
    - FlipperKit/FBCxxFollyDynamicConvert
    - FlipperKit/FBDefines
    - FlipperKit/FKPortForwarding
  - FlipperKit/CppBridge (0.75.1):
    - Flipper (~> 0.75.1)
  - FlipperKit/FBCxxFollyDynamicConvert (0.75.1):
    - Flipper-Folly (~> 2.5)
  - FlipperKit/FBDefines (0.75.1)
  - FlipperKit/FKPortForwarding (0.75.1):
    - CocoaAsyncSocket (~> 7.6)
    - Flipper-PeerTalk (~> 0.0.4)
  - FlipperKit/FlipperKitHighlightOverlay (0.75.1)
  - FlipperKit/FlipperKitLayoutPlugin (0.75.1):
    - FlipperKit/Core
    - FlipperKit/FlipperKitHighlightOverlay
    - FlipperKit/FlipperKitLayoutTextSearchable
    - YogaKit (~> 1.18)
  - FlipperKit/FlipperKitLayoutTextSearchable (0.75.1)
  - FlipperKit/FlipperKitNetworkPlugin (0.75.1):
    - FlipperKit/Core
  - FlipperKit/FlipperKitReactPlugin (0.75.1):
    - FlipperKit/Core
  - FlipperKit/FlipperKitUserDefaultsPlugin (0.75.1):
    - FlipperKit/Core
  - FlipperKit/SKIOSNetworkPlugin (0.75.1):
    - FlipperKit/Core
    - FlipperKit/FlipperKitNetworkPlugin
  - fmt (6.2.1)
  - glog (0.3.5)
  - GoogleDataTransport (7.5.1):
    - nanopb (~> 1.30906.0)
  - GoogleUtilities/AppDelegateSwizzler (6.7.2):
    - GoogleUtilities/Environment
    - GoogleUtilities/Logger
    - GoogleUtilities/Network
  - GoogleUtilities/Environment (6.7.2):
    - PromisesObjC (~> 1.2)
  - GoogleUtilities/Logger (6.7.2):
    - GoogleUtilities/Environment
  - GoogleUtilities/Network (6.7.2):
    - GoogleUtilities/Logger
    - "GoogleUtilities/NSData+zlib"
    - GoogleUtilities/Reachability
  - "GoogleUtilities/NSData+zlib (6.7.2)"
  - GoogleUtilities/Reachability (6.7.2):
    - GoogleUtilities/Logger
  - GoogleUtilities/UserDefaults (6.7.2):
    - GoogleUtilities/Logger
  - Interactable (2.0.1):
    - React
  - Intercom (10.3.5)
  - intercom-react-native (1.1.1):
    - Intercom (~> 10.3.0)
    - React-Core
  - JWT (3.0.0-beta.14):
    - Base64 (~> 1.1.2)
  - libevent (2.1.12)
  - lottie-ios (3.2.3)
  - lottie-react-native (5.0.1):
    - lottie-ios (~> 3.2.3)
    - React-Core
  - nanopb (1.30906.0):
    - nanopb/decode (= 1.30906.0)
    - nanopb/encode (= 1.30906.0)
  - nanopb/decode (1.30906.0)
  - nanopb/encode (1.30906.0)
  - OpenSSL-Universal (1.1.180)
  - Permission-Camera (3.0.4):
    - RNPermissions
  - Permission-LocationAccuracy (3.0.4):
    - RNPermissions
  - Permission-LocationAlways (3.0.4):
    - RNPermissions
  - Permission-LocationWhenInUse (3.0.4):
    - RNPermissions
  - Permission-Notifications (3.0.4):
    - RNPermissions
  - Permission-PhotoLibrary (3.0.4):
    - RNPermissions
  - Permission-PhotoLibraryAddOnly (3.0.4):
    - RNPermissions
  - Picker (4.3.7):
    - Picker/Core (= 4.3.7)
  - Picker/Core (4.3.7):
    - React
  - Plaid (2.0.9)
  - PromisesObjC (1.2.12)
  - Protobuf (3.19.4)
  - RCT-Folly (2021.06.28.00-v2):
    - boost
    - DoubleConversion
    - fmt (~> 6.2.1)
    - glog
    - RCT-Folly/Default (= 2021.06.28.00-v2)
  - RCT-Folly/Default (2021.06.28.00-v2):
    - boost
    - DoubleConversion
    - fmt (~> 6.2.1)
    - glog
  - RCTRequired (0.66.4)
  - RCTTypeSafety (0.66.4):
    - FBLazyVector (= 0.66.4)
    - RCT-Folly (= 2021.06.28.00-v2)
    - RCTRequired (= 0.66.4)
    - React-Core (= 0.66.4)
  - React (0.66.4):
    - React-Core (= 0.66.4)
    - React-Core/DevSupport (= 0.66.4)
    - React-Core/RCTWebSocket (= 0.66.4)
    - React-RCTActionSheet (= 0.66.4)
    - React-RCTAnimation (= 0.66.4)
    - React-RCTBlob (= 0.66.4)
    - React-RCTImage (= 0.66.4)
    - React-RCTLinking (= 0.66.4)
    - React-RCTNetwork (= 0.66.4)
    - React-RCTSettings (= 0.66.4)
    - React-RCTText (= 0.66.4)
    - React-RCTVibration (= 0.66.4)
  - React-callinvoker (0.66.4)
  - React-Core (0.66.4):
    - glog
    - RCT-Folly (= 2021.06.28.00-v2)
    - React-Core/Default (= 0.66.4)
    - React-cxxreact (= 0.66.4)
    - React-jsi (= 0.66.4)
    - React-jsiexecutor (= 0.66.4)
    - React-perflogger (= 0.66.4)
    - Yoga
  - React-Core/CoreModulesHeaders (0.66.4):
    - glog
    - RCT-Folly (= 2021.06.28.00-v2)
    - React-Core/Default
    - React-cxxreact (= 0.66.4)
    - React-jsi (= 0.66.4)
    - React-jsiexecutor (= 0.66.4)
    - React-perflogger (= 0.66.4)
    - Yoga
  - React-Core/Default (0.66.4):
    - glog
    - RCT-Folly (= 2021.06.28.00-v2)
    - React-cxxreact (= 0.66.4)
    - React-jsi (= 0.66.4)
    - React-jsiexecutor (= 0.66.4)
    - React-perflogger (= 0.66.4)
    - Yoga
  - React-Core/DevSupport (0.66.4):
    - glog
    - RCT-Folly (= 2021.06.28.00-v2)
    - React-Core/Default (= 0.66.4)
    - React-Core/RCTWebSocket (= 0.66.4)
    - React-cxxreact (= 0.66.4)
    - React-jsi (= 0.66.4)
    - React-jsiexecutor (= 0.66.4)
    - React-jsinspector (= 0.66.4)
    - React-perflogger (= 0.66.4)
    - Yoga
  - React-Core/RCTActionSheetHeaders (0.66.4):
    - glog
    - RCT-Folly (= 2021.06.28.00-v2)
    - React-Core/Default
    - React-cxxreact (= 0.66.4)
    - React-jsi (= 0.66.4)
    - React-jsiexecutor (= 0.66.4)
    - React-perflogger (= 0.66.4)
    - Yoga
  - React-Core/RCTAnimationHeaders (0.66.4):
    - glog
    - RCT-Folly (= 2021.06.28.00-v2)
    - React-Core/Default
    - React-cxxreact (= 0.66.4)
    - React-jsi (= 0.66.4)
    - React-jsiexecutor (= 0.66.4)
    - React-perflogger (= 0.66.4)
    - Yoga
  - React-Core/RCTBlobHeaders (0.66.4):
    - glog
    - RCT-Folly (= 2021.06.28.00-v2)
    - React-Core/Default
    - React-cxxreact (= 0.66.4)
    - React-jsi (= 0.66.4)
    - React-jsiexecutor (= 0.66.4)
    - React-perflogger (= 0.66.4)
    - Yoga
  - React-Core/RCTImageHeaders (0.66.4):
    - glog
    - RCT-Folly (= 2021.06.28.00-v2)
    - React-Core/Default
    - React-cxxreact (= 0.66.4)
    - React-jsi (= 0.66.4)
    - React-jsiexecutor (= 0.66.4)
    - React-perflogger (= 0.66.4)
    - Yoga
  - React-Core/RCTLinkingHeaders (0.66.4):
    - glog
    - RCT-Folly (= 2021.06.28.00-v2)
    - React-Core/Default
    - React-cxxreact (= 0.66.4)
    - React-jsi (= 0.66.4)
    - React-jsiexecutor (= 0.66.4)
    - React-perflogger (= 0.66.4)
    - Yoga
  - React-Core/RCTNetworkHeaders (0.66.4):
    - glog
    - RCT-Folly (= 2021.06.28.00-v2)
    - React-Core/Default
    - React-cxxreact (= 0.66.4)
    - React-jsi (= 0.66.4)
    - React-jsiexecutor (= 0.66.4)
    - React-perflogger (= 0.66.4)
    - Yoga
  - React-Core/RCTSettingsHeaders (0.66.4):
    - glog
    - RCT-Folly (= 2021.06.28.00-v2)
    - React-Core/Default
    - React-cxxreact (= 0.66.4)
    - React-jsi (= 0.66.4)
    - React-jsiexecutor (= 0.66.4)
    - React-perflogger (= 0.66.4)
    - Yoga
  - React-Core/RCTTextHeaders (0.66.4):
    - glog
    - RCT-Folly (= 2021.06.28.00-v2)
    - React-Core/Default
    - React-cxxreact (= 0.66.4)
    - React-jsi (= 0.66.4)
    - React-jsiexecutor (= 0.66.4)
    - React-perflogger (= 0.66.4)
    - Yoga
  - React-Core/RCTVibrationHeaders (0.66.4):
    - glog
    - RCT-Folly (= 2021.06.28.00-v2)
    - React-Core/Default
    - React-cxxreact (= 0.66.4)
    - React-jsi (= 0.66.4)
    - React-jsiexecutor (= 0.66.4)
    - React-perflogger (= 0.66.4)
    - Yoga
  - React-Core/RCTWebSocket (0.66.4):
    - glog
    - RCT-Folly (= 2021.06.28.00-v2)
    - React-Core/Default (= 0.66.4)
    - React-cxxreact (= 0.66.4)
    - React-jsi (= 0.66.4)
    - React-jsiexecutor (= 0.66.4)
    - React-perflogger (= 0.66.4)
    - Yoga
  - React-CoreModules (0.66.4):
    - FBReactNativeSpec (= 0.66.4)
    - RCT-Folly (= 2021.06.28.00-v2)
    - RCTTypeSafety (= 0.66.4)
    - React-Core/CoreModulesHeaders (= 0.66.4)
    - React-jsi (= 0.66.4)
    - React-RCTImage (= 0.66.4)
    - ReactCommon/turbomodule/core (= 0.66.4)
  - React-cxxreact (0.66.4):
    - boost (= 1.76.0)
    - DoubleConversion
    - glog
    - RCT-Folly (= 2021.06.28.00-v2)
    - React-callinvoker (= 0.66.4)
    - React-jsi (= 0.66.4)
    - React-jsinspector (= 0.66.4)
    - React-logger (= 0.66.4)
    - React-perflogger (= 0.66.4)
    - React-runtimeexecutor (= 0.66.4)
  - React-jsi (0.66.4):
    - boost (= 1.76.0)
    - DoubleConversion
    - glog
    - RCT-Folly (= 2021.06.28.00-v2)
    - React-jsi/Default (= 0.66.4)
  - React-jsi/Default (0.66.4):
    - boost (= 1.76.0)
    - DoubleConversion
    - glog
    - RCT-Folly (= 2021.06.28.00-v2)
  - React-jsiexecutor (0.66.4):
    - DoubleConversion
    - glog
    - RCT-Folly (= 2021.06.28.00-v2)
    - React-cxxreact (= 0.66.4)
    - React-jsi (= 0.66.4)
    - React-perflogger (= 0.66.4)
  - React-jsinspector (0.66.4)
  - React-logger (0.66.4):
    - glog
  - react-native-blur (0.8.0):
    - React
  - react-native-cookies (3.2.0):
    - React
  - react-native-document-picker (7.1.3):
    - React-Core
  - react-native-flipper (0.127.0):
    - React-Core
  - react-native-geolocation (2.0.2):
    - React
  - react-native-mapbox-gl (7.0.9):
    - React
  - react-native-netinfo (6.0.0):
    - React-Core
  - react-native-plaid-link-sdk (6.0.4):
    - Plaid (~> 2.0.8)
    - React
  - react-native-safe-area-context (3.3.2):
    - React-Core
  - react-native-simple-toast (1.1.3):
    - React-Core
    - Toast (~> 4.0.0)
  - react-native-splash-screen (3.2.0):
    - React
  - react-native-version-check (3.4.2):
    - React
  - react-native-version-info (1.0.1):
    - React
  - react-native-webview (11.15.0):
    - React-Core
  - React-perflogger (0.66.4)
  - React-RCTActionSheet (0.66.4):
    - React-Core/RCTActionSheetHeaders (= 0.66.4)
  - React-RCTAnimation (0.66.4):
    - FBReactNativeSpec (= 0.66.4)
    - RCT-Folly (= 2021.06.28.00-v2)
    - RCTTypeSafety (= 0.66.4)
    - React-Core/RCTAnimationHeaders (= 0.66.4)
    - React-jsi (= 0.66.4)
    - ReactCommon/turbomodule/core (= 0.66.4)
  - React-RCTBlob (0.66.4):
    - FBReactNativeSpec (= 0.66.4)
    - RCT-Folly (= 2021.06.28.00-v2)
    - React-Core/RCTBlobHeaders (= 0.66.4)
    - React-Core/RCTWebSocket (= 0.66.4)
    - React-jsi (= 0.66.4)
    - React-RCTNetwork (= 0.66.4)
    - ReactCommon/turbomodule/core (= 0.66.4)
  - React-RCTImage (0.66.4):
    - FBReactNativeSpec (= 0.66.4)
    - RCT-Folly (= 2021.06.28.00-v2)
    - RCTTypeSafety (= 0.66.4)
    - React-Core/RCTImageHeaders (= 0.66.4)
    - React-jsi (= 0.66.4)
    - React-RCTNetwork (= 0.66.4)
    - ReactCommon/turbomodule/core (= 0.66.4)
  - React-RCTLinking (0.66.4):
    - FBReactNativeSpec (= 0.66.4)
    - React-Core/RCTLinkingHeaders (= 0.66.4)
    - React-jsi (= 0.66.4)
    - ReactCommon/turbomodule/core (= 0.66.4)
  - React-RCTNetwork (0.66.4):
    - FBReactNativeSpec (= 0.66.4)
    - RCT-Folly (= 2021.06.28.00-v2)
    - RCTTypeSafety (= 0.66.4)
    - React-Core/RCTNetworkHeaders (= 0.66.4)
    - React-jsi (= 0.66.4)
    - ReactCommon/turbomodule/core (= 0.66.4)
  - React-RCTSettings (0.66.4):
    - FBReactNativeSpec (= 0.66.4)
    - RCT-Folly (= 2021.06.28.00-v2)
    - RCTTypeSafety (= 0.66.4)
    - React-Core/RCTSettingsHeaders (= 0.66.4)
    - React-jsi (= 0.66.4)
    - ReactCommon/turbomodule/core (= 0.66.4)
  - React-RCTText (0.66.4):
    - React-Core/RCTTextHeaders (= 0.66.4)
  - React-RCTVibration (0.66.4):
    - FBReactNativeSpec (= 0.66.4)
    - RCT-Folly (= 2021.06.28.00-v2)
    - React-Core/RCTVibrationHeaders (= 0.66.4)
    - React-jsi (= 0.66.4)
    - ReactCommon/turbomodule/core (= 0.66.4)
  - React-runtimeexecutor (0.66.4):
    - React-jsi (= 0.66.4)
  - ReactCommon/turbomodule/core (0.66.4):
    - DoubleConversion
    - glog
    - RCT-Folly (= 2021.06.28.00-v2)
    - React-callinvoker (= 0.66.4)
    - React-Core (= 0.66.4)
    - React-cxxreact (= 0.66.4)
    - React-jsi (= 0.66.4)
    - React-logger (= 0.66.4)
    - React-perflogger (= 0.66.4)
  - rn-fetch-blob (0.12.0):
    - React-Core
  - RNBackgroundFetch (4.0.4):
    - React-Core
  - RNBraintreeDropIn (1.0.0):
    - BraintreeDropIn (~> 7.4)
    - React
  - RNCAsyncStorage (1.12.1):
    - React-Core
  - RNCMaskedView (0.2.6):
    - React-Core
  - RNCPicker (2.1.0):
    - React-Core
  - RNDeviceInfo (8.4.8):
    - React-Core
  - RNExitApp (1.1.0):
    - React
  - RNFBApp (8.4.7):
    - Firebase/CoreOnly (~> 6.34.0)
    - React-Core
  - RNFBMessaging (7.9.2):
    - Firebase/Messaging (~> 6.34.0)
    - React-Core
    - RNFBApp
  - RNFS (2.16.6):
    - React
  - RNGestureHandler (2.1.0):
    - React-Core
  - RNImageCropPicker (0.37.2):
    - React-Core
    - React-RCTImage
    - RNImageCropPicker/QBImagePickerController (= 0.37.2)
    - TOCropViewController
  - RNImageCropPicker/QBImagePickerController (0.37.2):
    - React-Core
    - React-RCTImage
    - TOCropViewController
  - RNPDF (0.11.0):
    - React
  - RNPermissions (3.0.4):
    - React-Core
  - RNReanimated (2.3.1):
    - DoubleConversion
    - FBLazyVector
    - FBReactNativeSpec
    - glog
    - RCT-Folly
    - RCTRequired
    - RCTTypeSafety
    - React
    - React-callinvoker
    - React-Core
    - React-Core/DevSupport
    - React-Core/RCTWebSocket
    - React-CoreModules
    - React-cxxreact
    - React-jsi
    - React-jsiexecutor
    - React-jsinspector
    - React-RCTActionSheet
    - React-RCTAnimation
    - React-RCTBlob
    - React-RCTImage
    - React-RCTLinking
    - React-RCTNetwork
    - React-RCTSettings
    - React-RCTText
    - ReactCommon/turbomodule/core
    - Yoga
  - RNScreens (3.10.1):
    - React-Core
    - React-RCTImage
  - RNSVG (12.1.1):
    - React
  - RNVectorIcons (9.0.0):
    - React-Core
  - SSZipArchive (2.2.3)
  - Toast (4.0.0)
  - TOCropViewController (2.6.1)
  - toolbar-android (0.2.1):
    - React
  - Yoga (1.14.0)
  - YogaKit (1.18.1):
    - Yoga (~> 1.14)

DEPENDENCIES:
  - "amplitude-react-native (from `../node_modules/@amplitude/react-native`)"
  - boost (from `../node_modules/react-native/third-party-podspecs/boost.podspec`)
  - BraintreeDropIn
  - "BugsnagReactNative (from `../node_modules/@bugsnag/react-native`)"
  - CodePush (from `../node_modules/react-native-code-push`)
  - DoubleConversion (from `../node_modules/react-native/third-party-podspecs/DoubleConversion.podspec`)
  - FBLazyVector (from `../node_modules/react-native/Libraries/FBLazyVector`)
  - FBReactNativeSpec (from `../node_modules/react-native/React/FBReactNativeSpec`)
  - Flipper (= 0.75.1)
  - Flipper-Boost-iOSX (= 1.76.0.1.11)
  - Flipper-DoubleConversion (= 1.1.7)
  - Flipper-Fmt (= 7.1.7)
  - Flipper-Folly (= 2.5.3)
  - Flipper-Glog (= 0.3.6)
  - Flipper-PeerTalk (= 0.0.4)
  - Flipper-RSocket (= 1.3.1)
  - FlipperKit (= 0.75.1)
  - FlipperKit/Core (= 0.75.1)
  - FlipperKit/CppBridge (= 0.75.1)
  - FlipperKit/FBCxxFollyDynamicConvert (= 0.75.1)
  - FlipperKit/FBDefines (= 0.75.1)
  - FlipperKit/FKPortForwarding (= 0.75.1)
  - FlipperKit/FlipperKitHighlightOverlay (= 0.75.1)
  - FlipperKit/FlipperKitLayoutPlugin (= 0.75.1)
  - FlipperKit/FlipperKitLayoutTextSearchable (= 0.75.1)
  - FlipperKit/FlipperKitNetworkPlugin (= 0.75.1)
  - FlipperKit/FlipperKitReactPlugin (= 0.75.1)
  - FlipperKit/FlipperKitUserDefaultsPlugin (= 0.75.1)
  - FlipperKit/SKIOSNetworkPlugin (= 0.75.1)
  - glog (from `../node_modules/react-native/third-party-podspecs/glog.podspec`)
  - Interactable (from `../node_modules/react-native-interactable`)
  - "intercom-react-native (from `../node_modules/@intercom/intercom-react-native`)"
  - lottie-ios (from `../node_modules/lottie-ios`)
  - lottie-react-native (from `../node_modules/lottie-react-native`)
  - Permission-Camera (from `../node_modules/react-native-permissions/ios/Camera`)
  - Permission-LocationAccuracy (from `../node_modules/react-native-permissions/ios/LocationAccuracy`)
  - Permission-LocationAlways (from `../node_modules/react-native-permissions/ios/LocationAlways`)
  - Permission-LocationWhenInUse (from `../node_modules/react-native-permissions/ios/LocationWhenInUse`)
  - Permission-Notifications (from `../node_modules/react-native-permissions/ios/Notifications`)
  - Permission-PhotoLibrary (from `../node_modules/react-native-permissions/ios/PhotoLibrary`)
  - Permission-PhotoLibraryAddOnly (from `../node_modules/react-native-permissions/ios/PhotoLibraryAddOnly`)
  - Picker (from `../node_modules/react-native-picker`)
  - Plaid (= 2.0.9)
  - RCT-Folly (from `../node_modules/react-native/third-party-podspecs/RCT-Folly.podspec`)
  - RCTRequired (from `../node_modules/react-native/Libraries/RCTRequired`)
  - RCTTypeSafety (from `../node_modules/react-native/Libraries/TypeSafety`)
  - React (from `../node_modules/react-native/`)
  - React-callinvoker (from `../node_modules/react-native/ReactCommon/callinvoker`)
  - React-Core (from `../node_modules/react-native/`)
  - React-Core/DevSupport (from `../node_modules/react-native/`)
  - React-Core/RCTWebSocket (from `../node_modules/react-native/`)
  - React-CoreModules (from `../node_modules/react-native/React/CoreModules`)
  - React-cxxreact (from `../node_modules/react-native/ReactCommon/cxxreact`)
  - React-jsi (from `../node_modules/react-native/ReactCommon/jsi`)
  - React-jsiexecutor (from `../node_modules/react-native/ReactCommon/jsiexecutor`)
  - React-jsinspector (from `../node_modules/react-native/ReactCommon/jsinspector`)
  - React-logger (from `../node_modules/react-native/ReactCommon/logger`)
  - "react-native-blur (from `../node_modules/@react-native-community/blur`)"
  - react-native-cookies (from `../node_modules/react-native-cookies/ios`)
  - react-native-document-picker (from `../node_modules/react-native-document-picker`)
  - react-native-flipper (from `../node_modules/react-native-flipper`)
  - "react-native-geolocation (from `../node_modules/@react-native-community/geolocation`)"
  - "react-native-mapbox-gl (from `../node_modules/@react-native-mapbox-gl/maps`)"
  - "react-native-netinfo (from `../node_modules/@react-native-community/netinfo`)"
  - react-native-plaid-link-sdk (from `../node_modules/react-native-plaid-link-sdk`)
  - react-native-safe-area-context (from `../node_modules/react-native-safe-area-context`)
  - react-native-simple-toast (from `../node_modules/react-native-simple-toast`)
  - react-native-splash-screen (from `../node_modules/react-native-splash-screen`)
  - react-native-version-check (from `../node_modules/react-native-version-check`)
  - react-native-version-info (from `../node_modules/react-native-version-info`)
  - react-native-webview (from `../node_modules/react-native-webview`)
  - React-perflogger (from `../node_modules/react-native/ReactCommon/reactperflogger`)
  - React-RCTActionSheet (from `../node_modules/react-native/Libraries/ActionSheetIOS`)
  - React-RCTAnimation (from `../node_modules/react-native/Libraries/NativeAnimation`)
  - React-RCTBlob (from `../node_modules/react-native/Libraries/Blob`)
  - React-RCTImage (from `../node_modules/react-native/Libraries/Image`)
  - React-RCTLinking (from `../node_modules/react-native/Libraries/LinkingIOS`)
  - React-RCTNetwork (from `../node_modules/react-native/Libraries/Network`)
  - React-RCTSettings (from `../node_modules/react-native/Libraries/Settings`)
  - React-RCTText (from `../node_modules/react-native/Libraries/Text`)
  - React-RCTVibration (from `../node_modules/react-native/Libraries/Vibration`)
  - React-runtimeexecutor (from `../node_modules/react-native/ReactCommon/runtimeexecutor`)
  - ReactCommon/turbomodule/core (from `../node_modules/react-native/ReactCommon`)
  - rn-fetch-blob (from `../node_modules/rn-fetch-blob`)
  - RNBackgroundFetch (from `../node_modules/react-native-background-fetch`)
  - RNBraintreeDropIn (from `../node_modules/react-native-braintree-payments-drop-in/ios`)
  - "RNCAsyncStorage (from `../node_modules/@react-native-community/async-storage`)"
  - "RNCMaskedView (from `../node_modules/@react-native-masked-view/masked-view`)"
  - "RNCPicker (from `../node_modules/@react-native-picker/picker`)"
  - RNDeviceInfo (from `../node_modules/react-native-device-info`)
  - RNExitApp (from `../node_modules/react-native-exit-app`)
  - "RNFBApp (from `../node_modules/@react-native-firebase/app`)"
  - "RNFBMessaging (from `../node_modules/@react-native-firebase/messaging`)"
  - RNFS (from `../node_modules/react-native-fs`)
  - RNGestureHandler (from `../node_modules/react-native-gesture-handler`)
  - RNImageCropPicker (from `../node_modules/react-native-image-crop-picker`)
  - RNPDF (from `../node_modules/react-native-view-pdf`)
  - RNPermissions (from `../node_modules/react-native-permissions`)
  - RNReanimated (from `../node_modules/react-native-reanimated`)
  - RNScreens (from `../node_modules/react-native-screens`)
  - RNSVG (from `../node_modules/react-native-svg`)
  - RNVectorIcons (from `../node_modules/react-native-vector-icons`)
  - "toolbar-android (from `../node_modules/@react-native-community/toolbar-android`)"
  - Yoga (from `../node_modules/react-native/ReactCommon/yoga`)

SPEC REPOS:
  trunk:
    - Amplitude
    - Base64
    - boost-for-react-native
    - Braintree
    - BraintreeDropIn
    - CocoaAsyncSocket
    - Firebase
    - FirebaseCore
    - FirebaseCoreDiagnostics
    - FirebaseInstallations
    - FirebaseInstanceID
    - FirebaseMessaging
    - Flipper
    - Flipper-Boost-iOSX
    - Flipper-DoubleConversion
    - Flipper-Fmt
    - Flipper-Folly
    - Flipper-Glog
    - Flipper-PeerTalk
    - Flipper-RSocket
    - FlipperKit
    - fmt
    - GoogleDataTransport
    - GoogleUtilities
    - Intercom
    - JWT
    - libevent
    - nanopb
    - OpenSSL-Universal
    - Plaid
    - PromisesObjC
    - Protobuf
    - SSZipArchive
    - Toast
    - TOCropViewController
    - YogaKit

EXTERNAL SOURCES:
  amplitude-react-native:
    :path: "../node_modules/@amplitude/react-native"
  boost:
    :podspec: "../node_modules/react-native/third-party-podspecs/boost.podspec"
  BugsnagReactNative:
    :path: "../node_modules/@bugsnag/react-native"
  CodePush:
    :path: "../node_modules/react-native-code-push"
  DoubleConversion:
    :podspec: "../node_modules/react-native/third-party-podspecs/DoubleConversion.podspec"
  FBLazyVector:
    :path: "../node_modules/react-native/Libraries/FBLazyVector"
  FBReactNativeSpec:
    :path: "../node_modules/react-native/React/FBReactNativeSpec"
  glog:
    :podspec: "../node_modules/react-native/third-party-podspecs/glog.podspec"
  Interactable:
    :path: "../node_modules/react-native-interactable"
  intercom-react-native:
    :path: "../node_modules/@intercom/intercom-react-native"
  lottie-ios:
    :path: "../node_modules/lottie-ios"
  lottie-react-native:
    :path: "../node_modules/lottie-react-native"
  Permission-Camera:
    :path: "../node_modules/react-native-permissions/ios/Camera"
  Permission-LocationAccuracy:
    :path: "../node_modules/react-native-permissions/ios/LocationAccuracy"
  Permission-LocationAlways:
    :path: "../node_modules/react-native-permissions/ios/LocationAlways"
  Permission-LocationWhenInUse:
    :path: "../node_modules/react-native-permissions/ios/LocationWhenInUse"
  Permission-Notifications:
    :path: "../node_modules/react-native-permissions/ios/Notifications"
  Permission-PhotoLibrary:
    :path: "../node_modules/react-native-permissions/ios/PhotoLibrary"
  Permission-PhotoLibraryAddOnly:
    :path: "../node_modules/react-native-permissions/ios/PhotoLibraryAddOnly"
  Picker:
    :path: "../node_modules/react-native-picker"
  RCT-Folly:
    :podspec: "../node_modules/react-native/third-party-podspecs/RCT-Folly.podspec"
  RCTRequired:
    :path: "../node_modules/react-native/Libraries/RCTRequired"
  RCTTypeSafety:
    :path: "../node_modules/react-native/Libraries/TypeSafety"
  React:
    :path: "../node_modules/react-native/"
  React-callinvoker:
    :path: "../node_modules/react-native/ReactCommon/callinvoker"
  React-Core:
    :path: "../node_modules/react-native/"
  React-CoreModules:
    :path: "../node_modules/react-native/React/CoreModules"
  React-cxxreact:
    :path: "../node_modules/react-native/ReactCommon/cxxreact"
  React-jsi:
    :path: "../node_modules/react-native/ReactCommon/jsi"
  React-jsiexecutor:
    :path: "../node_modules/react-native/ReactCommon/jsiexecutor"
  React-jsinspector:
    :path: "../node_modules/react-native/ReactCommon/jsinspector"
  React-logger:
    :path: "../node_modules/react-native/ReactCommon/logger"
  react-native-blur:
    :path: "../node_modules/@react-native-community/blur"
  react-native-cookies:
    :path: "../node_modules/react-native-cookies/ios"
  react-native-document-picker:
    :path: "../node_modules/react-native-document-picker"
  react-native-flipper:
    :path: "../node_modules/react-native-flipper"
  react-native-geolocation:
    :path: "../node_modules/@react-native-community/geolocation"
  react-native-mapbox-gl:
    :path: "../node_modules/@react-native-mapbox-gl/maps"
  react-native-netinfo:
    :path: "../node_modules/@react-native-community/netinfo"
  react-native-plaid-link-sdk:
    :path: "../node_modules/react-native-plaid-link-sdk"
  react-native-safe-area-context:
    :path: "../node_modules/react-native-safe-area-context"
  react-native-simple-toast:
    :path: "../node_modules/react-native-simple-toast"
  react-native-splash-screen:
    :path: "../node_modules/react-native-splash-screen"
  react-native-version-check:
    :path: "../node_modules/react-native-version-check"
  react-native-version-info:
    :path: "../node_modules/react-native-version-info"
  react-native-webview:
    :path: "../node_modules/react-native-webview"
  React-perflogger:
    :path: "../node_modules/react-native/ReactCommon/reactperflogger"
  React-RCTActionSheet:
    :path: "../node_modules/react-native/Libraries/ActionSheetIOS"
  React-RCTAnimation:
    :path: "../node_modules/react-native/Libraries/NativeAnimation"
  React-RCTBlob:
    :path: "../node_modules/react-native/Libraries/Blob"
  React-RCTImage:
    :path: "../node_modules/react-native/Libraries/Image"
  React-RCTLinking:
    :path: "../node_modules/react-native/Libraries/LinkingIOS"
  React-RCTNetwork:
    :path: "../node_modules/react-native/Libraries/Network"
  React-RCTSettings:
    :path: "../node_modules/react-native/Libraries/Settings"
  React-RCTText:
    :path: "../node_modules/react-native/Libraries/Text"
  React-RCTVibration:
    :path: "../node_modules/react-native/Libraries/Vibration"
  React-runtimeexecutor:
    :path: "../node_modules/react-native/ReactCommon/runtimeexecutor"
  ReactCommon:
    :path: "../node_modules/react-native/ReactCommon"
  rn-fetch-blob:
    :path: "../node_modules/rn-fetch-blob"
  RNBackgroundFetch:
    :path: "../node_modules/react-native-background-fetch"
  RNBraintreeDropIn:
    :path: "../node_modules/react-native-braintree-payments-drop-in/ios"
  RNCAsyncStorage:
    :path: "../node_modules/@react-native-community/async-storage"
  RNCMaskedView:
    :path: "../node_modules/@react-native-masked-view/masked-view"
  RNCPicker:
    :path: "../node_modules/@react-native-picker/picker"
  RNDeviceInfo:
    :path: "../node_modules/react-native-device-info"
  RNExitApp:
    :path: "../node_modules/react-native-exit-app"
  RNFBApp:
    :path: "../node_modules/@react-native-firebase/app"
  RNFBMessaging:
    :path: "../node_modules/@react-native-firebase/messaging"
  RNFS:
    :path: "../node_modules/react-native-fs"
  RNGestureHandler:
    :path: "../node_modules/react-native-gesture-handler"
  RNImageCropPicker:
    :path: "../node_modules/react-native-image-crop-picker"
  RNPDF:
    :path: "../node_modules/react-native-view-pdf"
  RNPermissions:
    :path: "../node_modules/react-native-permissions"
  RNReanimated:
    :path: "../node_modules/react-native-reanimated"
  RNScreens:
    :path: "../node_modules/react-native-screens"
  RNSVG:
    :path: "../node_modules/react-native-svg"
  RNVectorIcons:
    :path: "../node_modules/react-native-vector-icons"
  toolbar-android:
    :path: "../node_modules/@react-native-community/toolbar-android"
  Yoga:
    :path: "../node_modules/react-native/ReactCommon/yoga"

SPEC CHECKSUMS:
  Amplitude: 263118b9e691e73a1c864b05bb08a3aff3636d16
  amplitude-react-native: bea17f91ee8c8ee2aef4e34b6de11e50a7b2dd59
  Base64: cecfb41a004124895a7bcee567a89bae5a89d49b
  boost: a7c83b31436843459a1961bfd74b96033dc77234
  boost-for-react-native: 39c7adb57c4e60d6c5479dd8623128eb5b3f0f2c
  Braintree: 78a33deb6f6ec617c2c4891fbe352854358b3a8d
  BraintreeDropIn: 15d6f53bf80bc0ae7809ab17803100c0a5448fd2
  BugsnagReactNative: bd1c905fb868fae8448a913b87356dbf2b02dc80
  CocoaAsyncSocket: 065fd1e645c7abab64f7a6a2007a48038fdc6a99
  CodePush: 5a26b230d14bc2c6a84514e3bad9321065247fb0
  DoubleConversion: 831926d9b8bf8166fd87886c4abab286c2422662
  FBLazyVector: e5569e42a1c79ca00521846c223173a57aca1fe1
  FBReactNativeSpec: fe08c1cd7e2e205718d77ad14b34957cce949b58
  Firebase: c23a36d9e4cdf7877dfcba8dd0c58add66358999
  FirebaseCore: d3a978a3cfa3240bf7e4ba7d137fdf5b22b628ec
  FirebaseCoreDiagnostics: 770ac5958e1372ce67959ae4b4f31d8e127c3ac1
  FirebaseInstallations: 466c7b4d1f58fe16707693091da253726a731ed2
  FirebaseInstanceID: bd3ffc24367f901a43c063b36c640b345a4a5dd1
  FirebaseMessaging: 5eca4ef173de76253352511aafef774caa1cba2a
  Flipper: d3da1aa199aad94455ae725e9f3aa43f3ec17021
  Flipper-Boost-iOSX: fd1e2b8cbef7e662a122412d7ac5f5bea715403c
  Flipper-DoubleConversion: 38631e41ef4f9b12861c67d17cb5518d06badc41
  Flipper-Fmt: 60cbdd92fc254826e61d669a5d87ef7015396a9b
  Flipper-Folly: 755929a4f851b2fb2c347d533a23f191b008554c
  Flipper-Glog: 1dfd6abf1e922806c52ceb8701a3599a79a200a6
  Flipper-PeerTalk: 116d8f857dc6ef55c7a5a75ea3ceaafe878aadc9
  Flipper-RSocket: 127954abe8b162fcaf68d2134d34dc2bd7076154
  FlipperKit: 8a20b5c5fcf9436cac58551dc049867247f64b00
  fmt: ff9d55029c625d3757ed641535fd4a75fedc7ce9
  glog: 5337263514dd6f09803962437687240c5dc39aa4
  GoogleDataTransport: f56af7caa4ed338dc8e138a5d7c5973e66440833
  GoogleUtilities: 7f2f5a07f888cdb145101d6042bc4422f57e70b3
  Interactable: 334971ca372efcb6791bb47f81f3265963c47f3e
  Intercom: d5d4549e40ca8da9f583edab5080e67ef70a8811
  intercom-react-native: be5e8110254bcd6437e5ce92e8ff863fe64cf4f9
  JWT: ef71dfb03e1f842081e64dc42eef0e164f35d251
  libevent: 4049cae6c81cdb3654a443be001fb9bdceff7913
  lottie-ios: c058aeafa76daa4cf64d773554bccc8385d0150e
  lottie-react-native: a029a86e1689c86a07169c520ae770e84348cd20
  nanopb: 59317e09cf1f1a0af72f12af412d54edf52603fc
  OpenSSL-Universal: 1aa4f6a6ee7256b83db99ec1ccdaa80d10f9af9b
  Permission-Camera: ffd449756840ddc0f6294e95d688fecaadfe238c
  Permission-LocationAccuracy: 6bdfafc629725913855aeff80cb7a68f0f7a7ea1
  Permission-LocationAlways: 3ec71c5811b721b1fb8515d752bb789a7b57125b
  Permission-LocationWhenInUse: 9d9050bea73073cd17dd46c3a8cee79231034c3a
  Permission-Notifications: 0fe099b4cc307db3bdc8b63fe288015c1c0a549a
  Permission-PhotoLibrary: ab3b6b959e615aa10e3638218a50d135250638ff
  Permission-PhotoLibraryAddOnly: f0cb589f9700d08edf0d969dc6844cdd5f1a7c1b
  Picker: 4f1722c94059567cabd80e53d0ef72ca290d2b93
  Plaid: f544acc3850621baa83bd7a9dd23fe4a19d7ae12
  PromisesObjC: 3113f7f76903778cf4a0586bd1ab89329a0b7b97
  Protobuf: 235750e4696ff59fb07d949a9dbbc92b3c0700fe
  RCT-Folly: a21c126816d8025b547704b777a2ba552f3d9fa9
  RCTRequired: 4bf86c70714490bca4bf2696148638284622644b
  RCTTypeSafety: c475a7059eb77935fa53d2c17db299893f057d5d
  React: f64af14e3f2c50f6f2c91a5fd250e4ff1b3c3459
  React-callinvoker: b74e4ae80287780dcdf0cab262bcb581eeef56e7
  React-Core: 3eb7432bad96ff1d25aebc1defbae013fee2fd0e
  React-CoreModules: ad9e1fd5650e16666c57a08328df86fd7e480cb9
  React-cxxreact: 02633ff398cf7e91a2c1e12590d323c4a4b8668a
  React-jsi: 805c41a927d6499fb811772acb971467d9204633
  React-jsiexecutor: 94ce921e1d8ce7023366873ec371f3441383b396
  React-jsinspector: d0374f7509d407d2264168b6d0fad0b54e300b85
  React-logger: 933f80c97c633ee8965d609876848148e3fef438
  react-native-blur: cad4d93b364f91e7b7931b3fa935455487e5c33c
  react-native-cookies: 854d59c4135c70b92a02ca4930e68e4e2eb58150
  react-native-document-picker: 644b4c5658f9d781a2ac4c4625ef414c8f797083
  react-native-flipper: b9e2e817604af8da0d5a9ba20a8516e780e30f3c
  react-native-geolocation: cbd9d6bd06bac411eed2671810f454d4908484a8
  react-native-mapbox-gl: 7d6dda14fda15b680f70ade65e47b2d39cb976d1
  react-native-netinfo: 34f4d7a42f49157f3b45c14217d256bce7dc9682
  react-native-plaid-link-sdk: 2d2c0e31af80096596868f9c1d2db34149a64876
  react-native-safe-area-context: 5cf05f49df9d17261e40e518481f2e334c6cd4b5
  react-native-simple-toast: b986e6c1befdc211af3df1bae293278a44e32990
  react-native-splash-screen: 200d11d188e2e78cea3ad319964f6142b6384865
  react-native-version-check: 9f9332ff4552fb00e0bd15b097a8d302b2b8413b
  react-native-version-info: daadd78b8fc93cf2764cb5aa52ec995961b62201
  react-native-webview: fcadb5d977e7098e14eb3b27d339feae16c549ff
  React-perflogger: 93075d8931c32cd1fce8a98c15d2d5ccc4d891bd
  React-RCTActionSheet: 7d3041e6761b4f3044a37079ddcb156575fb6d89
  React-RCTAnimation: 743e88b55ac62511ae5c2e22803d4f503f2a3a13
  React-RCTBlob: bee3a2f98fa7fc25c957c8643494244f74bea0a0
  React-RCTImage: 19fc9e29b06cc38611c553494f8d3040bf78c24e
  React-RCTLinking: dc799503979c8c711126d66328e7ce8f25c2848f
  React-RCTNetwork: 417e4e34cf3c19eaa5fd4e9eb20180d662a799ce
  React-RCTSettings: 4df89417265af26501a7e0e9192a34d3d9848dff
  React-RCTText: f8a21c3499ab322326290fa9b701ae29aa093aa5
  React-RCTVibration: e3ffca672dd3772536cb844274094b0e2c31b187
  React-runtimeexecutor: dec32ee6f2e2a26e13e58152271535fadff5455a
  ReactCommon: 57b69f6383eafcbd7da625bfa6003810332313c4
  rn-fetch-blob: f065bb7ab7fb48dd002629f8bdcb0336602d3cba
  RNBackgroundFetch: 2aa0702525b0251ee7edf3c47d76b4fbe710407a
  RNBraintreeDropIn: 2ccd7e10210baaf555022cc3bd704862ca9bba25
  RNCAsyncStorage: cb9a623793918c6699586281f0b51cbc38f046f9
  RNCMaskedView: d367b2a8df3992114e31b32b091a0c00dc800827
  RNCPicker: f7a40b21b915b7a187624d52f52b7bc2f73ea413
  RNDeviceInfo: 417b2ef4456c13a9d50ad8c57895eea837b735a8
  RNExitApp: 7d81855142a4d11eb75f4f06fdebf5a950d7aef2
  RNFBApp: 804b98033f45c3a3e35b56de8c894f85ef5e4388
  RNFBMessaging: 9287cbf850ed3524c9f915f5b3daaf1cfaabbf06
  RNFS: 2bd9eb49dc82fa9676382f0585b992c424cd59df
  RNGestureHandler: e5c7cab5f214503dcefd6b2b0cefb050e1f51c4a
  RNImageCropPicker: 448d3c6e923fde3466b49caf3c2457c2a0ba02dd
  RNPDF: f9dc9bac0b82da5f250df9bdd0d59b5993828fa2
  RNPermissions: 75128bfb4c4ef92f572a8efdb8adfbfab75e8ed0
  RNReanimated: da3860204e5660c0dd66739936732197d359d753
  RNScreens: 522705f2e5c9d27efb17f24aceb2bf8335bc7b8e
  RNSVG: 551acb6562324b1d52a4e0758f7ca0ec234e278f
  RNVectorIcons: 4143ba35feebab8fdbe6bc43d1e776b393d47ac8
  SSZipArchive: 62d4947b08730e4cda640473b0066d209ff033c9
  Toast: 91b396c56ee72a5790816f40d3a94dd357abc196
  TOCropViewController: edfd4f25713d56905ad1e0b9f5be3fbe0f59c863
  toolbar-android: 7c528a58a3d79f03124cbb370f738280bf1114a6
  Yoga: e7dc4e71caba6472ff48ad7d234389b91dadc280
  YogaKit: f782866e155069a2cca2517aafea43200b01fd5a

PODFILE CHECKSUM: 42b49871d7427feb9fca8506e1b6fb452ef11c97

COCOAPODS: 1.10.1
